
Microsoft Visual Studio Solution File, Format Version 12.00
# Visual Studio Version 17
VisualStudioVersion = 17.5.33530.505
MinimumVisualStudioVersion = 10.0.40219.1
Project("{FAE04EC0-301F-11D3-BF4B-00C04F79EFBC}") = "MyPortfolioProject", "MyPortfolioProject\MyPortfolioProject.csproj", "{125325B4-5722-44D9-B25B-32993E000846}"
EndProject
Global
	GlobalSection(SolutionConfigurationPlatforms) = preSolution
		Debug|Any CPU = Debug|Any CPU
		Release|Any CPU = Release|Any CPU
	EndGlobalSection
	GlobalSection(ProjectConfigurationPlatforms) = postSolution
		{125325B4-5722-44D9-B25B-32993E000846}.Debug|Any CPU.ActiveCfg = Debug|Any CPU
		{125325B4-5722-44D9-B25B-32993E000846}.Debug|Any CPU.Build.0 = Debug|Any CPU
		{125325B4-5722-44D9-B25B-32993E000846}.Release|Any CPU.ActiveCfg = Release|Any CPU
		{125325B4-5722-44D9-B25B-32993E000846}.Release|Any CPU.Build.0 = Release|Any CPU
	EndGlobalSection
	GlobalSection(SolutionProperties) = preSolution
		HideSolutionNode = FALSE
	EndGlobalSection
	GlobalSection(ExtensibilityGlobals) = postSolution
		SolutionGuid = {16F3FC2F-5E88-419D-AE5E-E596F5C713BE}
	EndGlobalSection
EndGlobal
